
Microsoft Visual Studio Solution File, Format Version 12.00
# Visual Studio 15
VisualStudioVersion = 15.0.28307.168
MinimumVisualStudioVersion = 10.0.40219.1
Project("{FAE04EC0-301F-11D3-BF4B-00C04F79EFBC}") = "LINQ Example", "LINQ Example\LINQ Example.csproj", "{B52544F6-375F-4221-9776-49E017ED11C3}"
EndProject
Global
	GlobalSection(SolutionConfigurationPlatforms) = preSolution
		Debug|Any CPU = Debug|Any CPU
		Release|Any CPU = Release|Any CPU
	EndGlobalSection
	GlobalSection(ProjectConfigurationPlatforms) = postSolution
		{B52544F6-375F-4221-9776-49E017ED11C3}.Debug|Any CPU.ActiveCfg = Debug|Any CPU
		{B52544F6-375F-4221-9776-49E017ED11C3}.Debug|Any CPU.Build.0 = Debug|Any CPU
		{B52544F6-375F-4221-9776-49E017ED11C3}.Release|Any CPU.ActiveCfg = Release|Any CPU
		{B52544F6-375F-4221-9776-49E017ED11C3}.Release|Any CPU.Build.0 = Release|Any CPU
	EndGlobalSection
	GlobalSection(SolutionProperties) = preSolution
		HideSolutionNode = FALSE
	EndGlobalSection
	GlobalSection(ExtensibilityGlobals) = postSolution
		SolutionGuid = {8331FFFB-90BF-4EF5-822A-CA6EB024BEF8}
	EndGlobalSection
EndGlobal
